
Microsoft Visual Studio Solution File, Format Version 12.00
# Visual Studio Version 16
VisualStudioVersion = 16.0.29324.140
MinimumVisualStudioVersion = 10.0.40219.1
Project("{9A19103F-16F7-4668-BE54-9A1E7A4F7556}") = "StationaryStore.API", "StationaryStore.API\StationaryStore.API.csproj", "{0FCDD960-5C7A-4044-A64D-B9C064D8EDF6}"
EndProject
Project("{9A19103F-16F7-4668-BE54-9A1E7A4F7556}") = "StationaryStore.Entities", "StationaryStore.Entities\StationaryStore.Entities.csproj", "{14AAB004-9A08-40D1-8141-724D008A3C1E}"
EndProject
Project("{9A19103F-16F7-4668-BE54-9A1E7A4F7556}") = "StationaryStore.DAL", "StationaryStore.DAL\StationaryStore.DAL.csproj", "{A6A16A55-2F4B-475A-A620-947E1B4CD1FA}"
EndProject
Project("{2150E333-8FDC-42A3-9474-1A3956D46DE8}") = "Tests", "Tests", "{61371BD5-C4BF-44F9-9A78-9E0E0973AB1E}"
EndProject
Project("{9A19103F-16F7-4668-BE54-9A1E7A4F7556}") = "StationaryStore.API.Test", "Tests\StationaryStore.API.Test\StationaryStore.API.Test.csproj", "{F85898D8-A1B8-4A1C-B660-3D8E8096C81E}"
EndProject
Project("{9A19103F-16F7-4668-BE54-9A1E7A4F7556}") = "StationaryStore.DAL.Test", "Tests\StationaryStore.DAL.Test\StationaryStore.DAL.Test.csproj", "{909A6295-4236-47A9-A4C2-7227FF091F86}"
EndProject
Project("{9A19103F-16F7-4668-BE54-9A1E7A4F7556}") = "StationaryStore.UI", "StationaryStore.UI\StationaryStore.UI.csproj", "{DDCD201A-8E8F-4558-BE1C-801EBAD37BD0}"
EndProject
Project("{9A19103F-16F7-4668-BE54-9A1E7A4F7556}") = "StationaryStore.UI.Test", "Tests\StationaryStore.UI.Test\StationaryStore.UI.Test.csproj", "{1442A77A-147E-4304-8413-529AA7C2D840}"
EndProject
Global
	GlobalSection(SolutionConfigurationPlatforms) = preSolution
		Debug|Any CPU = Debug|Any CPU
		Release|Any CPU = Release|Any CPU
	EndGlobalSection
	GlobalSection(ProjectConfigurationPlatforms) = postSolution
		{0FCDD960-5C7A-4044-A64D-B9C064D8EDF6}.Debug|Any CPU.ActiveCfg = Debug|Any CPU
		{0FCDD960-5C7A-4044-A64D-B9C064D8EDF6}.Debug|Any CPU.Build.0 = Debug|Any CPU
		{0FCDD960-5C7A-4044-A64D-B9C064D8EDF6}.Release|Any CPU.ActiveCfg = Release|Any CPU
		{0FCDD960-5C7A-4044-A64D-B9C064D8EDF6}.Release|Any CPU.Build.0 = Release|Any CPU
		{14AAB004-9A08-40D1-8141-724D008A3C1E}.Debug|Any CPU.ActiveCfg = Debug|Any CPU
		{14AAB004-9A08-40D1-8141-724D008A3C1E}.Debug|Any CPU.Build.0 = Debug|Any CPU
		{14AAB004-9A08-40D1-8141-724D008A3C1E}.Release|Any CPU.ActiveCfg = Release|Any CPU
		{14AAB004-9A08-40D1-8141-724D008A3C1E}.Release|Any CPU.Build.0 = Release|Any CPU
		{A6A16A55-2F4B-475A-A620-947E1B4CD1FA}.Debug|Any CPU.ActiveCfg = Debug|Any CPU
		{A6A16A55-2F4B-475A-A620-947E1B4CD1FA}.Debug|Any CPU.Build.0 = Debug|Any CPU
		{A6A16A55-2F4B-475A-A620-947E1B4CD1FA}.Release|Any CPU.ActiveCfg = Release|Any CPU
		{A6A16A55-2F4B-475A-A620-947E1B4CD1FA}.Release|Any CPU.Build.0 = Release|Any CPU
		{F85898D8-A1B8-4A1C-B660-3D8E8096C81E}.Debug|Any CPU.ActiveCfg = Debug|Any CPU
		{F85898D8-A1B8-4A1C-B660-3D8E8096C81E}.Debug|Any CPU.Build.0 = Debug|Any CPU
		{F85898D8-A1B8-4A1C-B660-3D8E8096C81E}.Release|Any CPU.ActiveCfg = Release|Any CPU
		{F85898D8-A1B8-4A1C-B660-3D8E8096C81E}.Release|Any CPU.Build.0 = Release|Any CPU
		{909A6295-4236-47A9-A4C2-7227FF091F86}.Debug|Any CPU.ActiveCfg = Debug|Any CPU
		{909A6295-4236-47A9-A4C2-7227FF091F86}.Debug|Any CPU.Build.0 = Debug|Any CPU
		{909A6295-4236-47A9-A4C2-7227FF091F86}.Release|Any CPU.ActiveCfg = Release|Any CPU
		{909A6295-4236-47A9-A4C2-7227FF091F86}.Release|Any CPU.Build.0 = Release|Any CPU
		{DDCD201A-8E8F-4558-BE1C-801EBAD37BD0}.Debug|Any CPU.ActiveCfg = Debug|Any CPU
		{DDCD201A-8E8F-4558-BE1C-801EBAD37BD0}.Debug|Any CPU.Build.0 = Debug|Any CPU
		{DDCD201A-8E8F-4558-BE1C-801EBAD37BD0}.Release|Any CPU.ActiveCfg = Release|Any CPU
		{DDCD201A-8E8F-4558-BE1C-801EBAD37BD0}.Release|Any CPU.Build.0 = Release|Any CPU
		{1442A77A-147E-4304-8413-529AA7C2D840}.Debug|Any CPU.ActiveCfg = Debug|Any CPU
		{1442A77A-147E-4304-8413-529AA7C2D840}.Debug|Any CPU.Build.0 = Debug|Any CPU
		{1442A77A-147E-4304-8413-529AA7C2D840}.Release|Any CPU.ActiveCfg = Release|Any CPU
		{1442A77A-147E-4304-8413-529AA7C2D840}.Release|Any CPU.Build.0 = Release|Any CPU
	EndGlobalSection
	GlobalSection(SolutionProperties) = preSolution
		HideSolutionNode = FALSE
	EndGlobalSection
	GlobalSection(NestedProjects) = preSolution
		{F85898D8-A1B8-4A1C-B660-3D8E8096C81E} = {61371BD5-C4BF-44F9-9A78-9E0E0973AB1E}
		{909A6295-4236-47A9-A4C2-7227FF091F86} = {61371BD5-C4BF-44F9-9A78-9E0E0973AB1E}
		{1442A77A-147E-4304-8413-529AA7C2D840} = {61371BD5-C4BF-44F9-9A78-9E0E0973AB1E}
	EndGlobalSection
	GlobalSection(ExtensibilityGlobals) = postSolution
		SolutionGuid = {08A1050B-6843-4CA1-AEF5-08484692AB91}
	EndGlobalSection
EndGlobal
